
Microsoft Visual Studio Solution File, Format Version 12.00
# Visual Studio Version 17
VisualStudioVersion = 17.7.34221.43
MinimumVisualStudioVersion = 10.0.40219.1
Project("{FAE04EC0-301F-11D3-BF4B-00C04F79EFBC}") = "do_while_loop_10_odd_natural_numbers", "do_while_loop_10_odd_natural_numbers\do_while_loop_10_odd_natural_numbers.csproj", "{34C2A1D7-5A60-4F47-9E75-4B5F9654A2B9}"
EndProject
Global
	GlobalSection(SolutionConfigurationPlatforms) = preSolution
		Debug|Any CPU = Debug|Any CPU
		Release|Any CPU = Release|Any CPU
	EndGlobalSection
	GlobalSection(ProjectConfigurationPlatforms) = postSolution
		{34C2A1D7-5A60-4F47-9E75-4B5F9654A2B9}.Debug|Any CPU.ActiveCfg = Debug|Any CPU
		{34C2A1D7-5A60-4F47-9E75-4B5F9654A2B9}.Debug|Any CPU.Build.0 = Debug|Any CPU
		{34C2A1D7-5A60-4F47-9E75-4B5F9654A2B9}.Release|Any CPU.ActiveCfg = Release|Any CPU
		{34C2A1D7-5A60-4F47-9E75-4B5F9654A2B9}.Release|Any CPU.Build.0 = Release|Any CPU
	EndGlobalSection
	GlobalSection(SolutionProperties) = preSolution
		HideSolutionNode = FALSE
	EndGlobalSection
	GlobalSection(ExtensibilityGlobals) = postSolution
		SolutionGuid = {F273EDCB-E844-4DC9-98C0-6FF19B7C14F0}
	EndGlobalSection
EndGlobal
